# This file is automatically @generated by Cargo.
# It is not intended for manual editing.
version = 3

[[package]]
name = "arrayvec"
version = "0.7.2"
source = "registry+https://github.com/rust-lang/crates.io-index"
checksum = "8da52d66c7071e2e3fa2a1e5c6d088fec47b593032b254f5e980de8ea54454d6"

[[package]]
name = "bevy_mod_yarn"
version = "0.1.0"
dependencies = [
 "nom",
 "nom-supreme",
]

[[package]]
name = "brownstone"
version = "3.0.0"
source = "registry+https://github.com/rust-lang/crates.io-index"
checksum = "c5839ee4f953e811bfdcf223f509cb2c6a3e1447959b0bff459405575bc17f22"
dependencies = [
 "arrayvec",
]

[[package]]
name = "indent_write"
version = "2.2.0"
source = "registry+https://github.com/rust-lang/crates.io-index"
checksum = "0cfe9645a18782869361d9c8732246be7b410ad4e919d3609ebabdac00ba12c3"

[[package]]
name = "joinery"
version = "2.1.0"
source = "registry+https://github.com/rust-lang/crates.io-index"
checksum = "72167d68f5fce3b8655487b8038691a3c9984ee769590f93f2a631f4ad64e4f5"

[[package]]
name = "memchr"
version = "2.5.0"
source = "registry+https://github.com/rust-lang/crates.io-index"
checksum = "2dffe52ecf27772e601905b7522cb4ef790d2cc203488bbd0e2fe85fcb74566d"

[[package]]
name = "minimal-lexical"
version = "0.2.1"
source = "registry+https://github.com/rust-lang/crates.io-index"
checksum = "68354c5c6bd36d73ff3feceb05efa59b6acb7626617f4962be322a825e61f79a"

[[package]]
name = "nom"
version = "7.1.3"
source = "registry+https://github.com/rust-lang/crates.io-index"
checksum = "d273983c5a657a70a3e8f2a01329822f3b8c8172b73826411a55751e404a0a4a"
dependencies = [
 "memchr",
 "minimal-lexical",
]

[[package]]
name = "nom-supreme"
version = "0.8.0"
source = "registry+https://github.com/rust-lang/crates.io-index"
checksum = "2bd3ae6c901f1959588759ff51c95d24b491ecb9ff91aa9c2ef4acc5b1dcab27"
dependencies = [
 "brownstone",
 "indent_write",
 "joinery",
 "memchr",
 "nom",
]
